
Microsoft Visual Studio Solution File, Format Version 12.00
Project("{FAE04EC0-301F-11D3-BF4B-00C04F79EFBC}") = "dotnetAiConsole", "dotnetAiConsole\dotnetAiConsole.csproj", "{22DAE2FF-3F39-485A-9F03-015586A93335}"
EndProject
Global
	GlobalSection(SolutionConfigurationPlatforms) = preSolution
		Debug|Any CPU = Debug|Any CPU
		Release|Any CPU = Release|Any CPU
	EndGlobalSection
	GlobalSection(ProjectConfigurationPlatforms) = postSolution
		{22DAE2FF-3F39-485A-9F03-015586A93335}.Debug|Any CPU.ActiveCfg = Debug|Any CPU
		{22DAE2FF-3F39-485A-9F03-015586A93335}.Debug|Any CPU.Build.0 = Debug|Any CPU
		{22DAE2FF-3F39-485A-9F03-015586A93335}.Release|Any CPU.ActiveCfg = Release|Any CPU
		{22DAE2FF-3F39-485A-9F03-015586A93335}.Release|Any CPU.Build.0 = Release|Any CPU
	EndGlobalSection
EndGlobal
